Microsoft Visual Studio Solution File, Format Version 12.00
# Visual Studio Version 17
VisualStudioVersion = 17.5.2.0
MinimumVisualStudioVersion = 10.0.40219.1
Project("{FAE04EC0-301F-11D3-BF4B-00C04F79EFBC}") = "ManufacturingTool", "ManufacturingTool.csproj", "{ED31D2F6-E885-DA93-9010-913A05B9A115}"
EndProject
Global
	GlobalSection(SolutionConfigurationPlatforms) = preSolution
		Debug|Any CPU = Debug|Any CPU
		Release|Any CPU = Release|Any CPU
	EndGlobalSection
	GlobalSection(ProjectConfigurationPlatforms) = postSolution
		{ED31D2F6-E885-DA93-9010-913A05B9A115}.Debug|Any CPU.ActiveCfg = Debug|Any CPU
		{ED31D2F6-E885-DA93-9010-913A05B9A115}.Debug|Any CPU.Build.0 = Debug|Any CPU
		{ED31D2F6-E885-DA93-9010-913A05B9A115}.Release|Any CPU.ActiveCfg = Release|Any CPU
		{ED31D2F6-E885-DA93-9010-913A05B9A115}.Release|Any CPU.Build.0 = Release|Any CPU
	EndGlobalSection
	GlobalSection(SolutionProperties) = preSolution
		HideSolutionNode = FALSE
	EndGlobalSection
	GlobalSection(ExtensibilityGlobals) = postSolution
		SolutionGuid = {C2ADC6D7-E6FC-4753-82ED-E1838F04C7C0}
	EndGlobalSection
EndGlobal
